{
  "name": "stacks",
  "lockfileVersion": 3,
  "requires": true,
  "packages": {
    "": {
      "dependencies": {
        "@preact/signals": "^1.1.3",
        "@tauri-apps/api": "^1.2.0",
        "preact": "^10.13.2",
        "scru128": "^2.4.1",
        "tauri-plugin-spotlight-api": "^0.1.2"
      }
    },
    "node_modules/@preact/signals": {
      "version": "1.1.3",
      "resolved": "https://registry.npmjs.org/@preact/signals/-/signals-1.1.3.tgz",
      "integrity": "sha512-N09DuAVvc90bBZVRwD+aFhtGyHAmJLhS3IFoawO/bYJRcil4k83nBOchpCEoS0s5+BXBpahgp0Mjf+IOqP57Og==",
      "dependencies": {
        "@preact/signals-core": "^1.2.3"
      },
      "funding": {
        "type": "opencollective",
        "url": "https://opencollective.com/preact"
      },
      "peerDependencies": {
        "preact": "10.x"
      }
    },
    "node_modules/@preact/signals-core": {
      "version": "1.3.0",
      "resolved": "https://registry.npmjs.org/@preact/signals-core/-/signals-core-1.3.0.tgz",
      "integrity": "sha512-M+M3ZOtd1dtV/uasyk4SZu1vbfEJ4NeENv0F7F12nijZYedB5wSgbtZcuACyssnTznhF4ctUyrR0dZHuHfyWKA==",
      "funding": {
        "type": "opencollective",
        "url": "https://opencollective.com/preact"
      }
    },
    "node_modules/@tauri-apps/api": {
      "version": "1.2.0",
      "resolved": "https://registry.npmjs.org/@tauri-apps/api/-/api-1.2.0.tgz",
      "integrity": "sha512-lsI54KI6HGf7VImuf/T9pnoejfgkNoXveP14pVV7XarrQ46rOejIVJLFqHI9sRReJMGdh2YuCoI3cc/yCWCsrw==",
      "engines": {
        "node": ">= 14.6.0",
        "npm": ">= 6.6.0",
        "yarn": ">= 1.19.1"
      },
      "funding": {
        "type": "opencollective",
        "url": "https://opencollective.com/tauri"
      }
    },
    "node_modules/preact": {
      "version": "10.13.2",
      "resolved": "https://registry.npmjs.org/preact/-/preact-10.13.2.tgz",
      "integrity": "sha512-q44QFLhOhty2Bd0Y46fnYW0gD/cbVM9dUVtNTDKPcdXSMA7jfY+Jpd6rk3GB0lcQss0z5s/6CmVP0Z/hV+g6pw==",
      "funding": {
        "type": "opencollective",
        "url": "https://opencollective.com/preact"
      }
    },
    "node_modules/scru128": {
      "version": "2.4.1",
      "resolved": "https://registry.npmjs.org/scru128/-/scru128-2.4.1.tgz",
      "integrity": "sha512-n+MMtFkNjj9fFnJ3Ucs6chGuX9iedbWjj7fRwIp0MaDpF9mL+zWDIu/69c25rBAxKaGmv+BmaqUFWQnArz5+5w=="
    },
    "node_modules/tauri-plugin-spotlight-api": {
      "version": "0.1.2",
      "resolved": "https://registry.npmjs.org/tauri-plugin-spotlight-api/-/tauri-plugin-spotlight-api-0.1.2.tgz",
      "integrity": "sha512-JBGCqm5X5D13yj4KuqXj4K0RDMJ7O9imnPtdlKbkqMIFWB4xgst2vosWTijgcf7H+CZO9sFL5bOjRWpkPdZlaw==",
      "dependencies": {
        "@tauri-apps/api": "^1.2.0"
      }
    }
  }
}
