{
  "name": "stacks",
  "lockfileVersion": 3,
  "requires": true,
  "packages": {
    "": {
      "dependencies": {
        "@preact/signals": "^1.1.3",
        "preact": "^10.13.2"
      }
    },
    "node_modules/@preact/signals": {
      "version": "1.1.3",
      "resolved": "https://registry.npmjs.org/@preact/signals/-/signals-1.1.3.tgz",
      "integrity": "sha512-N09DuAVvc90bBZVRwD+aFhtGyHAmJLhS3IFoawO/bYJRcil4k83nBOchpCEoS0s5+BXBpahgp0Mjf+IOqP57Og==",
      "dependencies": {
        "@preact/signals-core": "^1.2.3"
      },
      "funding": {
        "type": "opencollective",
        "url": "https://opencollective.com/preact"
      },
      "peerDependencies": {
        "preact": "10.x"
      }
    },
    "node_modules/@preact/signals-core": {
      "version": "1.3.0",
      "resolved": "https://registry.npmjs.org/@preact/signals-core/-/signals-core-1.3.0.tgz",
      "integrity": "sha512-M+M3ZOtd1dtV/uasyk4SZu1vbfEJ4NeENv0F7F12nijZYedB5wSgbtZcuACyssnTznhF4ctUyrR0dZHuHfyWKA==",
      "funding": {
        "type": "opencollective",
        "url": "https://opencollective.com/preact"
      }
    },
    "node_modules/preact": {
      "version": "10.13.2",
      "resolved": "https://registry.npmjs.org/preact/-/preact-10.13.2.tgz",
      "integrity": "sha512-q44QFLhOhty2Bd0Y46fnYW0gD/cbVM9dUVtNTDKPcdXSMA7jfY+Jpd6rk3GB0lcQss0z5s/6CmVP0Z/hV+g6pw==",
      "funding": {
        "type": "opencollective",
        "url": "https://opencollective.com/preact"
      }
    }
  }
}
